{
  "name": "hello-world",
  "version": "1.0.0",
  "lockfileVersion": 3,
  "requires": true,
  "packages": {
    "": {
      "name": "hello-world",
      "version": "1.0.0",
      "license": "ISC",
      "dependencies": {
        "figlet": "^1.9.4"
      }
    },
    "node_modules/commander": {
      "version": "14.0.2",
      "resolved": "https://registry.npmjs.org/commander/-/commander-14.0.2.tgz",
      "integrity": "sha512-TywoWNNRbhoD0BXs1P3ZEScW8W5iKrnbithIl0YH+uCmBd0QpPOA8yc82DS3BIE5Ma6FnBVUsJ7wVUDz4dvOWQ==",
      "license": "MIT",
      "engines": {
        "node": ">=20"
      }
    },
    "node_modules/figlet": {
      "version": "1.9.4",
      "resolved": "https://registry.npmjs.org/figlet/-/figlet-1.9.4.tgz",
      "integrity": "sha512-uN6QE+TrzTAHC1IWTyrc4FfGo2KH/82J8Jl1tyKB7+z5DBit/m3D++Iu5lg91qJMnQQ3vpJrj5gxcK/pk4R9tQ==",
      "license": "MIT",
      "dependencies": {
        "commander": "^14.0.0"
      },
      "bin": {
        "figlet": "bin/index.js"
      },
      "engines": {
        "node": ">= 17.0.0"
      }
    }
  }
}
